// !$*UTF8*$!
{
	archiveVersion = 1;
	classes = {
	};
	objectVersion = 50;
	objects = {

/* Begin PBXBuildFile section */
		6D4546D12647F20E008DA2F6 /* ArticleCell.swift in Sources */ = {isa = PBXBuildFile; fileRef = 6D4546D02647F20E008DA2F6 /* ArticleCell.swift */; };
		6D5A045B265154390017228E /* ArticleView.swift in Sources */ = {isa = PBXBuildFile; fileRef = 6D5A045A265154390017228E /* ArticleView.swift */; };
		6D88101C2648139C0026400D /* URLDataLoader.swift in Sources */ = {isa = PBXBuildFile; fileRef = 6D88101B2648139C0026400D /* URLDataLoader.swift */; };
		6D88102726484E0B0026400D /* ExampleArticles.swift in Sources */ = {isa = PBXBuildFile; fileRef = 6D88102626484E0B0026400D /* ExampleArticles.swift */; };
		6D88102B26484FC80026400D /* ExampleArticleCells.swift in Sources */ = {isa = PBXBuildFile; fileRef = 6D88102A26484FC80026400D /* ExampleArticleCells.swift */; };
		6DA6224F26480B6B00C6C340 /* ImageLoader.swift in Sources */ = {isa = PBXBuildFile; fileRef = 6DA6224E26480B6B00C6C340 /* ImageLoader.swift */; };
		6DE1E6E52651A41E005B5B73 /* RefreshScrollView.swift in Sources */ = {isa = PBXBuildFile; fileRef = 6DE1E6E42651A41E005B5B73 /* RefreshScrollView.swift */; };
		6DE1E6E82651D84A005B5B73 /* ArticleImage.swift in Sources */ = {isa = PBXBuildFile; fileRef = 6DE1E6E72651D84A005B5B73 /* ArticleImage.swift */; };
		6DEE637F2651603E008BF773 /* ArticleImageView.swift in Sources */ = {isa = PBXBuildFile; fileRef = 6DEE637E2651603E008BF773 /* ArticleImageView.swift */; };
		6DEE638226516ADE008BF773 /* ArticleText.swift in Sources */ = {isa = PBXBuildFile; fileRef = 6DEE638126516ADE008BF773 /* ArticleText.swift */; };
		6DEE638726519D79008BF773 /* TextBackground.swift in Sources */ = {isa = PBXBuildFile; fileRef = 6DEE638626519D79008BF773 /* TextBackground.swift */; };
		6DF4F26F2647EA5D00F0FB1F /* NewsApp.swift in Sources */ = {isa = PBXBuildFile; fileRef = 6DF4F26E2647EA5D00F0FB1F /* NewsApp.swift */; };
		6DF4F2712647EA5D00F0FB1F /* ContentView.swift in Sources */ = {isa = PBXBuildFile; fileRef = 6DF4F2702647EA5D00F0FB1F /* ContentView.swift */; };
		6DF4F2732647EA5F00F0FB1F /* Assets.xcassets in Resources */ = {isa = PBXBuildFile; fileRef = 6DF4F2722647EA5F00F0FB1F /* Assets.xcassets */; };
		6DF4F2762647EA5F00F0FB1F /* Preview Assets.xcassets in Resources */ = {isa = PBXBuildFile; fileRef = 6DF4F2752647EA5F00F0FB1F /* Preview Assets.xcassets */; };
		6DF4F2822647EA9000F0FB1F /* ArticlesRequestBuilder.swift in Sources */ = {isa = PBXBuildFile; fileRef = 6DF4F27F2647EA9000F0FB1F /* ArticlesRequestBuilder.swift */; };
		6DF4F2832647EA9000F0FB1F /* Article.swift in Sources */ = {isa = PBXBuildFile; fileRef = 6DF4F2802647EA9000F0FB1F /* Article.swift */; };
		6DF4F2842647EA9000F0FB1F /* ArticleLoader.swift in Sources */ = {isa = PBXBuildFile; fileRef = 6DF4F2812647EA9000F0FB1F /* ArticleLoader.swift */; };
		6DF4F2882647EAA300F0FB1F /* NewsViewModel.swift in Sources */ = {isa = PBXBuildFile; fileRef = 6DF4F2872647EAA300F0FB1F /* NewsViewModel.swift */; };
/* End PBXBuildFile section */

/* Begin PBXFileReference section */
		6D4546D02647F20E008DA2F6 /* ArticleCell.swift */ = {isa = PBXFileReference; lastKnownFileType = sourcecode.swift; path = ArticleCell.swift; sourceTree = "<group>"; };
		6D5A045A265154390017228E /* ArticleView.swift */ = {isa = PBXFileReference; lastKnownFileType = sourcecode.swift; path = ArticleView.swift; sourceTree = "<group>"; };
		6D88101B2648139C0026400D /* URLDataLoader.swift */ = {isa = PBXFileReference; lastKnownFileType = sourcecode.swift; path = URLDataLoader.swift; sourceTree = "<group>"; };
		6D88102626484E0B0026400D /* ExampleArticles.swift */ = {isa = PBXFileReference; lastKnownFileType = sourcecode.swift; path = ExampleArticles.swift; sourceTree = "<group>"; };
		6D88102A26484FC80026400D /* ExampleArticleCells.swift */ = {isa = PBXFileReference; lastKnownFileType = sourcecode.swift; path = ExampleArticleCells.swift; sourceTree = "<group>"; };
		6DA6224E26480B6B00C6C340 /* ImageLoader.swift */ = {isa = PBXFileReference; lastKnownFileType = sourcecode.swift; path = ImageLoader.swift; sourceTree = "<group>"; };
		6DE1E6E42651A41E005B5B73 /* RefreshScrollView.swift */ = {isa = PBXFileReference; lastKnownFileType = sourcecode.swift; path = RefreshScrollView.swift; sourceTree = "<group>"; };
		6DE1E6E72651D84A005B5B73 /* ArticleImage.swift */ = {isa = PBXFileReference; lastKnownFileType = sourcecode.swift; path = ArticleImage.swift; sourceTree = "<group>"; };
		6DEE637E2651603E008BF773 /* ArticleImageView.swift */ = {isa = PBXFileReference; lastKnownFileType = sourcecode.swift; path = ArticleImageView.swift; sourceTree = "<group>"; };
		6DEE638126516ADE008BF773 /* ArticleText.swift */ = {isa = PBXFileReference; lastKnownFileType = sourcecode.swift; path = ArticleText.swift; sourceTree = "<group>"; };
		6DEE638626519D79008BF773 /* TextBackground.swift */ = {isa = PBXFileReference; lastKnownFileType = sourcecode.swift; path = TextBackground.swift; sourceTree = "<group>"; };
		6DF4F26B2647EA5D00F0FB1F /* News.app */ = {isa = PBXFileReference; explicitFileType = wrapper.application; includeInIndex = 0; path = News.app; sourceTree = BUILT_PRODUCTS_DIR; };
		6DF4F26E2647EA5D00F0FB1F /* NewsApp.swift */ = {isa = PBXFileReference; lastKnownFileType = sourcecode.swift; path = NewsApp.swift; sourceTree = "<group>"; };
		6DF4F2702647EA5D00F0FB1F /* ContentView.swift */ = {isa = PBXFileReference; lastKnownFileType = sourcecode.swift; path = ContentView.swift; sourceTree = "<group>"; };
		6DF4F2722647EA5F00F0FB1F /* Assets.xcassets */ = {isa = PBXFileReference; lastKnownFileType = folder.assetcatalog; path = Assets.xcassets; sourceTree = "<group>"; };
		6DF4F2752647EA5F00F0FB1F /* Preview Assets.xcassets */ = {isa = PBXFileReference; lastKnownFileType = folder.assetcatalog; path = "Preview Assets.xcassets"; sourceTree = "<group>"; };
		6DF4F2772647EA5F00F0FB1F /* Info.plist */ = {isa = PBXFileReference; lastKnownFileType = text.plist.xml; path = Info.plist; sourceTree = "<group>"; };
		6DF4F27F2647EA9000F0FB1F /* ArticlesRequestBuilder.swift */ = {isa = PBXFileReference; fileEncoding = 4; lastKnownFileType = sourcecode.swift; path = ArticlesRequestBuilder.swift; sourceTree = "<group>"; };
		6DF4F2802647EA9000F0FB1F /* Article.swift */ = {isa = PBXFileReference; fileEncoding = 4; lastKnownFileType = sourcecode.swift; path = Article.swift; sourceTree = "<group>"; };
		6DF4F2812647EA9000F0FB1F /* ArticleLoader.swift */ = {isa = PBXFileReference; fileEncoding = 4; lastKnownFileType = sourcecode.swift; path = ArticleLoader.swift; sourceTree = "<group>"; };
		6DF4F2872647EAA300F0FB1F /* NewsViewModel.swift */ = {isa = PBXFileReference; fileEncoding = 4; lastKnownFileType = sourcecode.swift; path = NewsViewModel.swift; sourceTree = "<group>"; };
/* End PBXFileReference section */

/* Begin PBXFrameworksBuildPhase section */
		6DF4F2682647EA5D00F0FB1F /* Frameworks */ = {
			isa = PBXFrameworksBuildPhase;
			buildActionMask = 2147483647;
			files = (
			);
			runOnlyForDeploymentPostprocessing = 0;
		};
/* End PBXFrameworksBuildPhase section */

/* Begin PBXGroup section */
		6DF4F2622647EA5D00F0FB1F = {
			isa = PBXGroup;
			children = (
				6DF4F26D2647EA5D00F0FB1F /* News */,
				6DF4F26C2647EA5D00F0FB1F /* Products */,
			);
			sourceTree = "<group>";
		};
		6DF4F26C2647EA5D00F0FB1F /* Products */ = {
			isa = PBXGroup;
			children = (
				6DF4F26B2647EA5D00F0FB1F /* News.app */,
			);
			name = Products;
			sourceTree = "<group>";
		};
		6DF4F26D2647EA5D00F0FB1F /* News */ = {
			isa = PBXGroup;
			children = (
				6DF4F27E2647EA8F00F0FB1F /* Model */,
				6DF4F2862647EAA300F0FB1F /* ViewModer */,
				6DF4F28A2647EAB900F0FB1F /* View */,
				6DF4F26E2647EA5D00F0FB1F /* NewsApp.swift */,
				6DF4F2722647EA5F00F0FB1F /* Assets.xcassets */,
				6DF4F2772647EA5F00F0FB1F /* Info.plist */,
				6DF4F2742647EA5F00F0FB1F /* Preview Content */,
			);
			path = News;
			sourceTree = "<group>";
		};
		6DF4F2742647EA5F00F0FB1F /* Preview Content */ = {
			isa = PBXGroup;
			children = (
				6DF4F2752647EA5F00F0FB1F /* Preview Assets.xcassets */,
				6D88102626484E0B0026400D /* ExampleArticles.swift */,
				6D88102A26484FC80026400D /* ExampleArticleCells.swift */,
			);
			path = "Preview Content";
			sourceTree = "<group>";
		};
		6DF4F27E2647EA8F00F0FB1F /* Model */ = {
			isa = PBXGroup;
			children = (
				6DF4F2802647EA9000F0FB1F /* Article.swift */,
				6DA6224E26480B6B00C6C340 /* ImageLoader.swift */,
				6DF4F2812647EA9000F0FB1F /* ArticleLoader.swift */,
				6DF4F27F2647EA9000F0FB1F /* ArticlesRequestBuilder.swift */,
				6D88101B2648139C0026400D /* URLDataLoader.swift */,
			);
			path = Model;
			sourceTree = "<group>";
		};
		6DF4F2862647EAA300F0FB1F /* ViewModer */ = {
			isa = PBXGroup;
			children = (
				6DF4F2872647EAA300F0FB1F /* NewsViewModel.swift */,
			);
			path = ViewModer;
			sourceTree = "<group>";
		};
		6DF4F28A2647EAB900F0FB1F /* View */ = {
			isa = PBXGroup;
			children = (
				6DF4F2702647EA5D00F0FB1F /* ContentView.swift */,
				6D4546D02647F20E008DA2F6 /* ArticleCell.swift */,
				6D5A045A265154390017228E /* ArticleView.swift */,
				6DE1E6E72651D84A005B5B73 /* ArticleImage.swift */,
				6DEE637E2651603E008BF773 /* ArticleImageView.swift */,
				6DEE638126516ADE008BF773 /* ArticleText.swift */,
				6DEE638626519D79008BF773 /* TextBackground.swift */,
				6DE1E6E42651A41E005B5B73 /* RefreshScrollView.swift */,
			);
			path = View;
			sourceTree = "<group>";
		};
/* End PBXGroup section */

/* Begin PBXNativeTarget section */
		6DF4F26A2647EA5D00F0FB1F /* News */ = {
			isa = PBXNativeTarget;
			buildConfigurationList = 6DF4F27A2647EA5F00F0FB1F /* Build configuration list for PBXNativeTarget "News" */;
			buildPhases = (
				6DF4F2672647EA5D00F0FB1F /* Sources */,
				6DF4F2682647EA5D00F0FB1F /* Frameworks */,
				6DF4F2692647EA5D00F0FB1F /* Resources */,
			);
			buildRules = (
			);
			dependencies = (
			);
			name = News;
			productName = News;
			productReference = 6DF4F26B2647EA5D00F0FB1F /* News.app */;
			productType = "com.apple.product-type.application";
		};
/* End PBXNativeTarget section */

/* Begin PBXProject section */
		6DF4F2632647EA5D00F0FB1F /* Project object */ = {
			isa = PBXProject;
			attributes = {
				LastSwiftUpdateCheck = 1240;
				LastUpgradeCheck = 1240;
				TargetAttributes = {
					6DF4F26A2647EA5D00F0FB1F = {
						CreatedOnToolsVersion = 12.4;
					};
				};
			};
			buildConfigurationList = 6DF4F2662647EA5D00F0FB1F /* Build configuration list for PBXProject "News" */;
			compatibilityVersion = "Xcode 9.3";
			developmentRegion = en;
			hasScannedForEncodings = 0;
			knownRegions = (
				en,
				Base,
			);
			mainGroup = 6DF4F2622647EA5D00F0FB1F;
			productRefGroup = 6DF4F26C2647EA5D00F0FB1F /* Products */;
			projectDirPath = "";
			projectRoot = "";
			targets = (
				6DF4F26A2647EA5D00F0FB1F /* News */,
			);
		};
/* End PBXProject section */

/* Begin PBXResourcesBuildPhase section */
		6DF4F2692647EA5D00F0FB1F /* Resources */ = {
			isa = PBXResourcesBuildPhase;
			buildActionMask = 2147483647;
			files = (
				6DF4F2762647EA5F00F0FB1F /* Preview Assets.xcassets in Resources */,
				6DF4F2732647EA5F00F0FB1F /* Assets.xcassets in Resources */,
			);
			runOnlyForDeploymentPostprocessing = 0;
		};
/* End PBXResourcesBuildPhase section */

/* Begin PBXSourcesBuildPhase section */
		6DF4F2672647EA5D00F0FB1F /* Sources */ = {
			isa = PBXSourcesBuildPhase;
			buildActionMask = 2147483647;
			files = (
				6DF4F2822647EA9000F0FB1F /* ArticlesRequestBuilder.swift in Sources */,
				6DF4F2882647EAA300F0FB1F /* NewsViewModel.swift in Sources */,
				6DF4F2712647EA5D00F0FB1F /* ContentView.swift in Sources */,
				6D88101C2648139C0026400D /* URLDataLoader.swift in Sources */,
				6DEE638726519D79008BF773 /* TextBackground.swift in Sources */,
				6D4546D12647F20E008DA2F6 /* ArticleCell.swift in Sources */,
				6DA6224F26480B6B00C6C340 /* ImageLoader.swift in Sources */,
				6DF4F2832647EA9000F0FB1F /* Article.swift in Sources */,
				6DE1E6E82651D84A005B5B73 /* ArticleImage.swift in Sources */,
				6D5A045B265154390017228E /* ArticleView.swift in Sources */,
				6DF4F2842647EA9000F0FB1F /* ArticleLoader.swift in Sources */,
				6DEE637F2651603E008BF773 /* ArticleImageView.swift in Sources */,
				6DE1E6E52651A41E005B5B73 /* RefreshScrollView.swift in Sources */,
				6D88102726484E0B0026400D /* ExampleArticles.swift in Sources */,
				6DF4F26F2647EA5D00F0FB1F /* NewsApp.swift in Sources */,
				6D88102B26484FC80026400D /* ExampleArticleCells.swift in Sources */,
				6DEE638226516ADE008BF773 /* ArticleText.swift in Sources */,
			);
			runOnlyForDeploymentPostprocessing = 0;
		};
/* End PBXSourcesBuildPhase section */

/* Begin XCBuildConfiguration section */
		6DF4F2782647EA5F00F0FB1F /* Debug */ = {
			isa = XCBuildConfiguration;
			buildSettings = {
				ALWAYS_SEARCH_USER_PATHS = NO;
				CLANG_ANALYZER_NONNULL = YES;
				CLANG_ANALYZER_NUMBER_OBJECT_CONVERSION = YES_AGGRESSIVE;
				CLANG_CXX_LANGUAGE_STANDARD = "gnu++14";
				CLANG_CXX_LIBRARY = "libc++";
				CLANG_ENABLE_MODULES = YES;
				CLANG_ENABLE_OBJC_ARC = YES;
				CLANG_ENABLE_OBJC_WEAK = YES;
				CLANG_WARN_BLOCK_CAPTURE_AUTORELEASING = YES;
				CLANG_WARN_BOOL_CONVERSION = YES;
				CLANG_WARN_COMMA = YES;
				CLANG_WARN_CONSTANT_CONVERSION = YES;
				CLANG_WARN_DEPRECATED_OBJC_IMPLEMENTATIONS = YES;
				CLANG_WARN_DIRECT_OBJC_ISA_USAGE = YES_ERROR;
				CLANG_WARN_DOCUMENTATION_COMMENTS = YES;
				CLANG_WARN_EMPTY_BODY = YES;
				CLANG_WARN_ENUM_CONVERSION = YES;
				CLANG_WARN_INFINITE_RECURSION = YES;
				CLANG_WARN_INT_CONVERSION = YES;
				CLANG_WARN_NON_LITERAL_NULL_CONVERSION = YES;
				CLANG_WARN_OBJC_IMPLICIT_RETAIN_SELF = YES;
				CLANG_WARN_OBJC_LITERAL_CONVERSION = YES;
				CLANG_WARN_OBJC_ROOT_CLASS = YES_ERROR;
				CLANG_WARN_QUOTED_INCLUDE_IN_FRAMEWORK_HEADER = YES;
				CLANG_WARN_RANGE_LOOP_ANALYSIS = YES;
				CLANG_WARN_STRICT_PROTOTYPES = YES;
				CLANG_WARN_SUSPICIOUS_MOVE = YES;
				CLANG_WARN_UNGUARDED_AVAILABILITY = YES_AGGRESSIVE;
				CLANG_WARN_UNREACHABLE_CODE = YES;
				CLANG_WARN__DUPLICATE_METHOD_MATCH = YES;
				COPY_PHASE_STRIP = NO;
				DEBUG_INFORMATION_FORMAT = dwarf;
				ENABLE_STRICT_OBJC_MSGSEND = YES;
				ENABLE_TESTABILITY = YES;
				GCC_C_LANGUAGE_STANDARD = gnu11;
				GCC_DYNAMIC_NO_PIC = NO;
				GCC_NO_COMMON_BLOCKS = YES;
				GCC_OPTIMIZATION_LEVEL = 0;
				GCC_PREPROCESSOR_DEFINITIONS = (
					"DEBUG=1",
					"$(inherited)",
				);
				GCC_WARN_64_TO_32_BIT_CONVERSION = YES;
				GCC_WARN_ABOUT_RETURN_TYPE = YES_ERROR;
				GCC_WARN_UNDECLARED_SELECTOR = YES;
				GCC_WARN_UNINITIALIZED_AUTOS = YES_AGGRESSIVE;
				GCC_WARN_UNUSED_FUNCTION = YES;
				GCC_WARN_UNUSED_VARIABLE = YES;
				IPHONEOS_DEPLOYMENT_TARGET = 14.4;
				MTL_ENABLE_DEBUG_INFO = INCLUDE_SOURCE;
				MTL_FAST_MATH = YES;
				ONLY_ACTIVE_ARCH = YES;
				SDKROOT = iphoneos;
				SWIFT_ACTIVE_COMPILATION_CONDITIONS = DEBUG;
				SWIFT_OPTIMIZATION_LEVEL = "-Onone";
			};
			name = Debug;
		};
		6DF4F2792647EA5F00F0FB1F /* Release */ = {
			isa = XCBuildConfiguration;
			buildSettings = {
				ALWAYS_SEARCH_USER_PATHS = NO;
				CLANG_ANALYZER_NONNULL = YES;
				CLANG_ANALYZER_NUMBER_OBJECT_CONVERSION = YES_AGGRESSIVE;
				CLANG_CXX_LANGUAGE_STANDARD = "gnu++14";
				CLANG_CXX_LIBRARY = "libc++";
				CLANG_ENABLE_MODULES = YES;
				CLANG_ENABLE_OBJC_ARC = YES;
				CLANG_ENABLE_OBJC_WEAK = YES;
				CLANG_WARN_BLOCK_CAPTURE_AUTORELEASING = YES;
				CLANG_WARN_BOOL_CONVERSION = YES;
				CLANG_WARN_COMMA = YES;
				CLANG_WARN_CONSTANT_CONVERSION = YES;
				CLANG_WARN_DEPRECATED_OBJC_IMPLEMENTATIONS = YES;
				CLANG_WARN_DIRECT_OBJC_ISA_USAGE = YES_ERROR;
				CLANG_WARN_DOCUMENTATION_COMMENTS = YES;
				CLANG_WARN_EMPTY_BODY = YES;
				CLANG_WARN_ENUM_CONVERSION = YES;
				CLANG_WARN_INFINITE_RECURSION = YES;
				CLANG_WARN_INT_CONVERSION = YES;
				CLANG_WARN_NON_LITERAL_NULL_CONVERSION = YES;
				CLANG_WARN_OBJC_IMPLICIT_RETAIN_SELF = YES;
				CLANG_WARN_OBJC_LITERAL_CONVERSION = YES;
				CLANG_WARN_OBJC_ROOT_CLASS = YES_ERROR;
				CLANG_WARN_QUOTED_INCLUDE_IN_FRAMEWORK_HEADER = YES;
				CLANG_WARN_RANGE_LOOP_ANALYSIS = YES;
				CLANG_WARN_STRICT_PROTOTYPES = YES;
				CLANG_WARN_SUSPICIOUS_MOVE = YES;
				CLANG_WARN_UNGUARDED_AVAILABILITY = YES_AGGRESSIVE;
				CLANG_WARN_UNREACHABLE_CODE = YES;
				CLANG_WARN__DUPLICATE_METHOD_MATCH = YES;
				COPY_PHASE_STRIP = NO;
				DEBUG_INFORMATION_FORMAT = "dwarf-with-dsym";
				ENABLE_NS_ASSERTIONS = NO;
				ENABLE_STRICT_OBJC_MSGSEND = YES;
				GCC_C_LANGUAGE_STANDARD = gnu11;
				GCC_NO_COMMON_BLOCKS = YES;
				GCC_WARN_64_TO_32_BIT_CONVERSION = YES;
				GCC_WARN_ABOUT_RETURN_TYPE = YES_ERROR;
				GCC_WARN_UNDECLARED_SELECTOR = YES;
				GCC_WARN_UNINITIALIZED_AUTOS = YES_AGGRESSIVE;
				GCC_WARN_UNUSED_FUNCTION = YES;
				GCC_WARN_UNUSED_VARIABLE = YES;
				IPHONEOS_DEPLOYMENT_TARGET = 14.4;
				MTL_ENABLE_DEBUG_INFO = NO;
				MTL_FAST_MATH = YES;
				SDKROOT = iphoneos;
				SWIFT_COMPILATION_MODE = wholemodule;
				SWIFT_OPTIMIZATION_LEVEL = "-O";
				VALIDATE_PRODUCT = YES;
			};
			name = Release;
		};
		6DF4F27B2647EA5F00F0FB1F /* Debug */ = {
			isa = XCBuildConfiguration;
			buildSettings = {
				ASSETCATALOG_COMPILER_APPICON_NAME = AppIcon;
				ASSETCATALOG_COMPILER_GLOBAL_ACCENT_COLOR_NAME = AccentColor;
				CODE_SIGN_STYLE = Automatic;
				DEVELOPMENT_ASSET_PATHS = "\"News/Preview Content\"";
				DEVELOPMENT_TEAM = Z36BMVZY8Q;
				ENABLE_PREVIEWS = YES;
				INFOPLIST_FILE = News/Info.plist;
				IPHONEOS_DEPLOYMENT_TARGET = 14.0;
				LD_RUNPATH_SEARCH_PATHS = (
					"$(inherited)",
					"@executable_path/Frameworks",
				);
				PRODUCT_BUNDLE_IDENTIFIER = com.naylrush.News;
				PRODUCT_NAME = "$(TARGET_NAME)";
				SWIFT_VERSION = 5.0;
				TARGETED_DEVICE_FAMILY = "1,2";
			};
			name = Debug;
		};
		6DF4F27C2647EA5F00F0FB1F /* Release */ = {
			isa = XCBuildConfiguration;
			buildSettings = {
				ASSETCATALOG_COMPILER_APPICON_NAME = AppIcon;
				ASSETCATALOG_COMPILER_GLOBAL_ACCENT_COLOR_NAME = AccentColor;
				CODE_SIGN_STYLE = Automatic;
				DEVELOPMENT_ASSET_PATHS = "\"News/Preview Content\"";
				DEVELOPMENT_TEAM = Z36BMVZY8Q;
				ENABLE_PREVIEWS = YES;
				INFOPLIST_FILE = News/Info.plist;
				IPHONEOS_DEPLOYMENT_TARGET = 14.0;
				LD_RUNPATH_SEARCH_PATHS = (
					"$(inherited)",
					"@executable_path/Frameworks",
				);
				PRODUCT_BUNDLE_IDENTIFIER = com.naylrush.News;
				PRODUCT_NAME = "$(TARGET_NAME)";
				SWIFT_VERSION = 5.0;
				TARGETED_DEVICE_FAMILY = "1,2";
			};
			name = Release;
		};
/* End XCBuildConfiguration section */

/* Begin XCConfigurationList section */
		6DF4F2662647EA5D00F0FB1F /* Build configuration list for PBXProject "News" */ = {
			isa = XCConfigurationList;
			buildConfigurations = (
				6DF4F2782647EA5F00F0FB1F /* Debug */,
				6DF4F2792647EA5F00F0FB1F /* Release */,
			);
			defaultConfigurationIsVisible = 0;
			defaultConfigurationName = Release;
		};
		6DF4F27A2647EA5F00F0FB1F /* Build configuration list for PBXNativeTarget "News" */ = {
			isa = XCConfigurationList;
			buildConfigurations = (
				6DF4F27B2647EA5F00F0FB1F /* Debug */,
				6DF4F27C2647EA5F00F0FB1F /* Release */,
			);
			defaultConfigurationIsVisible = 0;
			defaultConfigurationName = Release;
		};
/* End XCConfigurationList section */
	};
	rootObject = 6DF4F2632647EA5D00F0FB1F /* Project object */;
}
